
Microsoft Visual Studio Solution File, Format Version 12.00
# Visual Studio Version 17
VisualStudioVersion = 17.13.35818.85
MinimumVisualStudioVersion = 10.0.40219.1
Project("{2150E333-8FDC-42A3-9474-1A3956D46DE8}") = "Middle", "Middle", "{36D591C7-65C7-A0D1-1CBC-10CDE441BDC8}"
EndProject
Project("{FAE04EC0-301F-11D3-BF4B-00C04F79EFBC}") = "Tests", "Middle\Tests\Tests.csproj", "{8F9832E0-7305-41AD-9A93-EE0BAD8AF64E}"
EndProject
Project("{FAE04EC0-301F-11D3-BF4B-00C04F79EFBC}") = "Middle_02", "Middle\Middle_02\Middle_02.csproj", "{3E5BD6DF-998B-4D88-8123-31BFBAD4660C}"
EndProject
Project("{FAE04EC0-301F-11D3-BF4B-00C04F79EFBC}") = "Middle_03", "Middle\Middle_03\Middle_03.csproj", "{502973F9-2848-423C-9BFA-D22A6ADED9A0}"
EndProject
Project("{FAE04EC0-301F-11D3-BF4B-00C04F79EFBC}") = "Middle_04", "Middle\Middle_04\Middle_04.csproj", "{FC93F8B0-8FFB-4307-85E5-1715430AEC64}"
EndProject
Global
	GlobalSection(SolutionConfigurationPlatforms) = preSolution
		Debug|Any CPU = Debug|Any CPU
		Release|Any CPU = Release|Any CPU
	EndGlobalSection
	GlobalSection(ProjectConfigurationPlatforms) = postSolution
		{8F9832E0-7305-41AD-9A93-EE0BAD8AF64E}.Debug|Any CPU.ActiveCfg = Debug|Any CPU
		{8F9832E0-7305-41AD-9A93-EE0BAD8AF64E}.Debug|Any CPU.Build.0 = Debug|Any CPU
		{8F9832E0-7305-41AD-9A93-EE0BAD8AF64E}.Release|Any CPU.ActiveCfg = Release|Any CPU
		{8F9832E0-7305-41AD-9A93-EE0BAD8AF64E}.Release|Any CPU.Build.0 = Release|Any CPU
		{3E5BD6DF-998B-4D88-8123-31BFBAD4660C}.Debug|Any CPU.ActiveCfg = Debug|Any CPU
		{3E5BD6DF-998B-4D88-8123-31BFBAD4660C}.Debug|Any CPU.Build.0 = Debug|Any CPU
		{3E5BD6DF-998B-4D88-8123-31BFBAD4660C}.Release|Any CPU.ActiveCfg = Release|Any CPU
		{3E5BD6DF-998B-4D88-8123-31BFBAD4660C}.Release|Any CPU.Build.0 = Release|Any CPU
		{502973F9-2848-423C-9BFA-D22A6ADED9A0}.Debug|Any CPU.ActiveCfg = Debug|Any CPU
		{502973F9-2848-423C-9BFA-D22A6ADED9A0}.Debug|Any CPU.Build.0 = Debug|Any CPU
		{502973F9-2848-423C-9BFA-D22A6ADED9A0}.Release|Any CPU.ActiveCfg = Release|Any CPU
		{502973F9-2848-423C-9BFA-D22A6ADED9A0}.Release|Any CPU.Build.0 = Release|Any CPU
		{FC93F8B0-8FFB-4307-85E5-1715430AEC64}.Debug|Any CPU.ActiveCfg = Debug|Any CPU
		{FC93F8B0-8FFB-4307-85E5-1715430AEC64}.Debug|Any CPU.Build.0 = Debug|Any CPU
		{FC93F8B0-8FFB-4307-85E5-1715430AEC64}.Release|Any CPU.ActiveCfg = Release|Any CPU
		{FC93F8B0-8FFB-4307-85E5-1715430AEC64}.Release|Any CPU.Build.0 = Release|Any CPU
	EndGlobalSection
	GlobalSection(SolutionProperties) = preSolution
		HideSolutionNode = FALSE
	EndGlobalSection
	GlobalSection(NestedProjects) = preSolution
		{8F9832E0-7305-41AD-9A93-EE0BAD8AF64E} = {36D591C7-65C7-A0D1-1CBC-10CDE441BDC8}
		{3E5BD6DF-998B-4D88-8123-31BFBAD4660C} = {36D591C7-65C7-A0D1-1CBC-10CDE441BDC8}
		{502973F9-2848-423C-9BFA-D22A6ADED9A0} = {36D591C7-65C7-A0D1-1CBC-10CDE441BDC8}
		{FC93F8B0-8FFB-4307-85E5-1715430AEC64} = {36D591C7-65C7-A0D1-1CBC-10CDE441BDC8}
	EndGlobalSection
	GlobalSection(ExtensibilityGlobals) = postSolution
		SolutionGuid = {5FC2862A-0F1A-4B95-9EBC-55F12691E58C}
	EndGlobalSection
EndGlobal
